
Microsoft Visual Studio Solution File, Format Version 12.00
Project("{FAE04EC0-301F-11D3-BF4B-00C04F79EFBC}") = "Examen-Progra-Web.API", "Examen-Progra-Web.API\Examen-Progra-Web.API.csproj", "{ABBE506E-4F41-4CED-8972-DA8559A88030}"
EndProject
Global
	GlobalSection(SolutionConfigurationPlatforms) = preSolution
		Debug|Any CPU = Debug|Any CPU
		Release|Any CPU = Release|Any CPU
	EndGlobalSection
	GlobalSection(ProjectConfigurationPlatforms) = postSolution
		{ABBE506E-4F41-4CED-8972-DA8559A88030}.Debug|Any CPU.ActiveCfg = Debug|Any CPU
		{ABBE506E-4F41-4CED-8972-DA8559A88030}.Debug|Any CPU.Build.0 = Debug|Any CPU
		{ABBE506E-4F41-4CED-8972-DA8559A88030}.Release|Any CPU.ActiveCfg = Release|Any CPU
		{ABBE506E-4F41-4CED-8972-DA8559A88030}.Release|Any CPU.Build.0 = Release|Any CPU
	EndGlobalSection
EndGlobal
